
Microsoft Visual Studio Solution File, Format Version 12.00
# Visual Studio Version 17
VisualStudioVersion = 17.13.35919.96 d17.13
MinimumVisualStudioVersion = 10.0.40219.1
Project("{FAE04EC0-301F-11D3-BF4B-00C04F79EFBC}") = "Sortera number", "Sortera number\Sortera number.csproj", "{56C29A69-92D6-4864-BB7E-078B6255BF4B}"
EndProject
Global
	GlobalSection(SolutionConfigurationPlatforms) = preSolution
		Debug|Any CPU = Debug|Any CPU
		Release|Any CPU = Release|Any CPU
	EndGlobalSection
	GlobalSection(ProjectConfigurationPlatforms) = postSolution
		{56C29A69-92D6-4864-BB7E-078B6255BF4B}.Debug|Any CPU.ActiveCfg = Debug|Any CPU
		{56C29A69-92D6-4864-BB7E-078B6255BF4B}.Debug|Any CPU.Build.0 = Debug|Any CPU
		{56C29A69-92D6-4864-BB7E-078B6255BF4B}.Release|Any CPU.ActiveCfg = Release|Any CPU
		{56C29A69-92D6-4864-BB7E-078B6255BF4B}.Release|Any CPU.Build.0 = Release|Any CPU
	EndGlobalSection
	GlobalSection(SolutionProperties) = preSolution
		HideSolutionNode = FALSE
	EndGlobalSection
	GlobalSection(ExtensibilityGlobals) = postSolution
		SolutionGuid = {719121D2-762E-4AEF-B876-40BEB51EBC0A}
	EndGlobalSection
EndGlobal
